
Microsoft Visual Studio Solution File, Format Version 12.00
# Visual Studio Version 16
VisualStudioVersion = 16.0.28729.10
MinimumVisualStudioVersion = 10.0.40219.1
Project("{5398318a-18ea-488f-92d7-785d8a78dc19}") = "Platform.Memory", "Platform.Memory\Platform.Memory.csproj", "{DA0C0D80-9821-48CA-A498-C3BCF8A3DB0E}"
EndProject
Project("{f1f71b32-173a-44a0-8b31-27ae0f930435}") = "Platform.Helpers", "Platform.Helpers\Platform.Helpers.csproj", "{70AF2122-82E4-43D1-9EEB-99C4E6FA5A49}"
EndProject
Project("{7cabf249-4205-4439-b265-e7e7246a7dfe}") = "Platform.Communication", "Platform.Communication\Platform.Communication.csproj", "{8EA1CE07-B711-48CB-8280-6B5CADBDB6FD}"
EndProject
Project("{2dad3cfa-c027-4c54-8e0a-21602fd28460}") = "Platform.Data.Core", "Platform.Data.Core\Platform.Data.Core.csproj", "{8BD910B1-E2B9-4DDD-9248-99E83EF8F401}"
EndProject
Project("{dce3e946-5def-4760-a9e8-f2ca01066a28}") = "Platform.Examples", "Platform.Examples\Platform.Examples.csproj", "{E24E42B2-09F8-4456-929C-FC9DD593A06E}"
EndProject
Project("{2c8bc237-bbd7-4edc-bf7e-27678eb9ae0a}") = "Platform.Tests", "Platform.Tests\Platform.Tests.csproj", "{F35569FF-CECE-4141-BA02-DF7F46053095}"
EndProject
Project("{0444b203-6952-4fd8-bc15-c7f28c26117d}") = "Platform.Tests.Runner", "Platform.Tests.Runner\Platform.Tests.Runner.csproj", "{C6A78058-0F42-47DB-980C-0B633E8C6F31}"
EndProject
Global
	GlobalSection(SolutionConfigurationPlatforms) = preSolution
		Debug|Any CPU = Debug|Any CPU
		Release|Any CPU = Release|Any CPU
	EndGlobalSection
	GlobalSection(ProjectConfigurationPlatforms) = postSolution
		{DA0C0D80-9821-48CA-A498-C3BCF8A3DB0E}.Debug|Any CPU.ActiveCfg = Debug|Any CPU
		{DA0C0D80-9821-48CA-A498-C3BCF8A3DB0E}.Debug|Any CPU.Build.0 = Debug|Any CPU
		{DA0C0D80-9821-48CA-A498-C3BCF8A3DB0E}.Release|Any CPU.ActiveCfg = Release|Any CPU
		{DA0C0D80-9821-48CA-A498-C3BCF8A3DB0E}.Release|Any CPU.Build.0 = Release|Any CPU
		{70AF2122-82E4-43D1-9EEB-99C4E6FA5A49}.Debug|Any CPU.ActiveCfg = Debug|Any CPU
		{70AF2122-82E4-43D1-9EEB-99C4E6FA5A49}.Debug|Any CPU.Build.0 = Debug|Any CPU
		{70AF2122-82E4-43D1-9EEB-99C4E6FA5A49}.Release|Any CPU.ActiveCfg = Release|Any CPU
		{70AF2122-82E4-43D1-9EEB-99C4E6FA5A49}.Release|Any CPU.Build.0 = Release|Any CPU
		{8EA1CE07-B711-48CB-8280-6B5CADBDB6FD}.Debug|Any CPU.ActiveCfg = Debug|Any CPU
		{8EA1CE07-B711-48CB-8280-6B5CADBDB6FD}.Debug|Any CPU.Build.0 = Debug|Any CPU
		{8EA1CE07-B711-48CB-8280-6B5CADBDB6FD}.Release|Any CPU.ActiveCfg = Release|Any CPU
		{8EA1CE07-B711-48CB-8280-6B5CADBDB6FD}.Release|Any CPU.Build.0 = Release|Any CPU
		{8BD910B1-E2B9-4DDD-9248-99E83EF8F401}.Debug|Any CPU.ActiveCfg = Debug|Any CPU
		{8BD910B1-E2B9-4DDD-9248-99E83EF8F401}.Debug|Any CPU.Build.0 = Debug|Any CPU
		{8BD910B1-E2B9-4DDD-9248-99E83EF8F401}.Release|Any CPU.ActiveCfg = Release|Any CPU
		{8BD910B1-E2B9-4DDD-9248-99E83EF8F401}.Release|Any CPU.Build.0 = Release|Any CPU
		{E24E42B2-09F8-4456-929C-FC9DD593A06E}.Debug|Any CPU.ActiveCfg = Debug|Any CPU
		{E24E42B2-09F8-4456-929C-FC9DD593A06E}.Debug|Any CPU.Build.0 = Debug|Any CPU
		{E24E42B2-09F8-4456-929C-FC9DD593A06E}.Release|Any CPU.ActiveCfg = Release|Any CPU
		{E24E42B2-09F8-4456-929C-FC9DD593A06E}.Release|Any CPU.Build.0 = Release|Any CPU
		{F35569FF-CECE-4141-BA02-DF7F46053095}.Debug|Any CPU.ActiveCfg = Debug|Any CPU
		{F35569FF-CECE-4141-BA02-DF7F46053095}.Debug|Any CPU.Build.0 = Debug|Any CPU
		{F35569FF-CECE-4141-BA02-DF7F46053095}.Release|Any CPU.ActiveCfg = Release|Any CPU
		{F35569FF-CECE-4141-BA02-DF7F46053095}.Release|Any CPU.Build.0 = Release|Any CPU
		{C6A78058-0F42-47DB-980C-0B633E8C6F31}.Debug|Any CPU.ActiveCfg = Debug|Any CPU
		{C6A78058-0F42-47DB-980C-0B633E8C6F31}.Debug|Any CPU.Build.0 = Debug|Any CPU
		{C6A78058-0F42-47DB-980C-0B633E8C6F31}.Release|Any CPU.ActiveCfg = Release|Any CPU
		{C6A78058-0F42-47DB-980C-0B633E8C6F31}.Release|Any CPU.Build.0 = Release|Any CPU
	EndGlobalSection
	GlobalSection(SolutionProperties) = preSolution
		HideSolutionNode = FALSE
	EndGlobalSection
	GlobalSection(ExtensibilityGlobals) = postSolution
		SolutionGuid = {DD626D0A-EAEE-4C55-81CC-3FC51C6F1849}
	EndGlobalSection
EndGlobal
