
Microsoft Visual Studio Solution File, Format Version 12.00
# Visual Studio 14
VisualStudioVersion = 14.0.24720.0
MinimumVisualStudioVersion = 10.0.40219.1
Project("{FAE04EC0-301F-11D3-BF4B-00C04F79EFBC}") = "Platform.Data.MasterServer", "Platform.Data.MasterServer\Platform.Data.MasterServer.csproj", "{F717D689-5FC1-4A46-BED4-C16864820D7B}"
EndProject
Project("{FAE04EC0-301F-11D3-BF4B-00C04F79EFBC}") = "Platform.Data.SlaveServer", "Platform.Data.SlaveServer\Platform.Data.SlaveServer.csproj", "{FA3829E4-D805-4EC4-9A81-0B55E3994907}"
EndProject
Project("{FAE04EC0-301F-11D3-BF4B-00C04F79EFBC}") = "Platform.Helpers", "Platform.Helpers\Platform.Helpers.csproj", "{70AF2122-82E4-43D1-9EEB-99C4E6FA5A49}"
EndProject
Project("{FAE04EC0-301F-11D3-BF4B-00C04F79EFBC}") = "Platform.Memory", "Platform.Memory\Platform.Memory.csproj", "{DA0C0D80-9821-48CA-A498-C3BCF8A3DB0E}"
EndProject
Project("{FAE04EC0-301F-11D3-BF4B-00C04F79EFBC}") = "Platform.Sandbox", "Platform.Sandbox\Platform.Sandbox.csproj", "{5C498D57-2625-434B-9D8B-862FD09B8B6D}"
	ProjectSection(ProjectDependencies) = postProject
		{6B34F379-3D89-4EC7-BA47-C1A1A7B4421C} = {6B34F379-3D89-4EC7-BA47-C1A1A7B4421C}
	EndProjectSection
EndProject
Project("{FAE04EC0-301F-11D3-BF4B-00C04F79EFBC}") = "Platform.Data.ConsoleTerminal", "Platform.Data.ConsoleTerminal\Platform.Data.ConsoleTerminal.csproj", "{11CAD7AD-8675-4826-B974-EFFAD027AC8C}"
	ProjectSection(ProjectDependencies) = postProject
		{F717D689-5FC1-4A46-BED4-C16864820D7B} = {F717D689-5FC1-4A46-BED4-C16864820D7B}
	EndProjectSection
EndProject
Project("{FAE04EC0-301F-11D3-BF4B-00C04F79EFBC}") = "Platform.Data.Core", "Platform.Data.Core\Platform.Data.Core.csproj", "{8BD910B1-E2B9-4DDD-9248-99E83EF8F401}"
	ProjectSection(ProjectDependencies) = postProject
		{6B34F379-3D89-4EC7-BA47-C1A1A7B4421C} = {6B34F379-3D89-4EC7-BA47-C1A1A7B4421C}
	EndProjectSection
EndProject
Project("{FAE04EC0-301F-11D3-BF4B-00C04F79EFBC}") = "Platform.System.Core", "Platform.System.Core\Platform.System.Core.csproj", "{A2BAFDD2-958E-45BB-A4CE-1708681A37B3}"
EndProject
Project("{FAE04EC0-301F-11D3-BF4B-00C04F79EFBC}") = "Platform.System.IO.Core", "Platform.System.IO.Core\Platform.System.IO.Core.csproj", "{94B596BA-E9F7-4E02-AEF3-8AAAA0294D33}"
EndProject
Project("{FAE04EC0-301F-11D3-BF4B-00C04F79EFBC}") = "Platform.WindowsAPI", "Platform.WindowsAPI\Platform.WindowsAPI.csproj", "{B35BCC7D-3D44-404C-8252-14BDC5C5B36A}"
EndProject
Project("{FAE04EC0-301F-11D3-BF4B-00C04F79EFBC}") = "Platform.Communication", "Platform.Communication\Platform.Communication.csproj", "{8EA1CE07-B711-48CB-8280-6B5CADBDB6FD}"
EndProject
Project("{FAE04EC0-301F-11D3-BF4B-00C04F79EFBC}") = "Platform.Data.WebTerminal", "Platform.Data.WebTerminal\Platform.Data.WebTerminal.csproj", "{E7EDA085-2B2A-4B15-89CE-C2384D88A4F7}"
	ProjectSection(ProjectDependencies) = postProject
		{6B34F379-3D89-4EC7-BA47-C1A1A7B4421C} = {6B34F379-3D89-4EC7-BA47-C1A1A7B4421C}
	EndProjectSection
EndProject
Project("{8BC9CEB8-8B4A-11D0-8D11-00A0C91BC942}") = "Platform.Data.Kernel", "Platform.Data.Kernel\Platform.Data.Kernel.vcxproj", "{6B34F379-3D89-4EC7-BA47-C1A1A7B4421C}"
EndProject
Project("{8BC9CEB8-8B4A-11D0-8D11-00A0C91BC942}") = "Platform.Data.Kernel.Tests", "Platform.Data.Kernel.Tests\Platform.Data.Kernel.Tests.vcxproj", "{F1FE5E55-BDA9-4623-8B16-163251404FD6}"
EndProject
Project("{8BC9CEB8-8B4A-11D0-8D11-00A0C91BC942}") = "Platform.Data.IdClient", "Platform.Data.IdClient\Platform.Data.IdClient.vcxproj", "{460268BB-82A9-491B-B5B6-3B192F6115DE}"
EndProject
Project("{8BC9CEB8-8B4A-11D0-8D11-00A0C91BC942}") = "Platform.Data.IdServer", "Platform.Data.IdServer\Platform.Data.IdServer.vcxproj", "{9402186F-6211-4C09-A5E6-DD3A57CCF04A}"
EndProject
Project("{FAE04EC0-301F-11D3-BF4B-00C04F79EFBC}") = "Platform.Data.CrawlerServer", "Platform.Data.CrawlerServer\Platform.Data.CrawlerServer.csproj", "{A46A8EB2-D182-48F3-AEFA-71A580595859}"
EndProject
Global
	GlobalSection(SolutionConfigurationPlatforms) = preSolution
		Debug|Any CPU = Debug|Any CPU
		Debug|Mixed Platforms = Debug|Mixed Platforms
		Debug|Win32 = Debug|Win32
		Debug|x64 = Debug|x64
		Debug|x86 = Debug|x86
		Release|Any CPU = Release|Any CPU
		Release|Mixed Platforms = Release|Mixed Platforms
		Release|Win32 = Release|Win32
		Release|x64 = Release|x64
		Release|x86 = Release|x86
	EndGlobalSection
	GlobalSection(ProjectConfigurationPlatforms) = postSolution
		{F717D689-5FC1-4A46-BED4-C16864820D7B}.Debug|Any CPU.ActiveCfg = Debug|Any CPU
		{F717D689-5FC1-4A46-BED4-C16864820D7B}.Debug|Any CPU.Build.0 = Debug|Any CPU
		{F717D689-5FC1-4A46-BED4-C16864820D7B}.Debug|Mixed Platforms.ActiveCfg = Debug|Any CPU
		{F717D689-5FC1-4A46-BED4-C16864820D7B}.Debug|Mixed Platforms.Build.0 = Debug|Any CPU
		{F717D689-5FC1-4A46-BED4-C16864820D7B}.Debug|Win32.ActiveCfg = Debug|Any CPU
		{F717D689-5FC1-4A46-BED4-C16864820D7B}.Debug|Win32.Build.0 = Debug|Any CPU
		{F717D689-5FC1-4A46-BED4-C16864820D7B}.Debug|x64.ActiveCfg = Debug|Any CPU
		{F717D689-5FC1-4A46-BED4-C16864820D7B}.Debug|x64.Build.0 = Debug|Any CPU
		{F717D689-5FC1-4A46-BED4-C16864820D7B}.Debug|x86.ActiveCfg = Debug|Any CPU
		{F717D689-5FC1-4A46-BED4-C16864820D7B}.Debug|x86.Build.0 = Debug|Any CPU
		{F717D689-5FC1-4A46-BED4-C16864820D7B}.Release|Any CPU.ActiveCfg = Release|Any CPU
		{F717D689-5FC1-4A46-BED4-C16864820D7B}.Release|Any CPU.Build.0 = Release|Any CPU
		{F717D689-5FC1-4A46-BED4-C16864820D7B}.Release|Mixed Platforms.ActiveCfg = Release|Any CPU
		{F717D689-5FC1-4A46-BED4-C16864820D7B}.Release|Mixed Platforms.Build.0 = Release|Any CPU
		{F717D689-5FC1-4A46-BED4-C16864820D7B}.Release|Win32.ActiveCfg = Release|Any CPU
		{F717D689-5FC1-4A46-BED4-C16864820D7B}.Release|Win32.Build.0 = Release|Any CPU
		{F717D689-5FC1-4A46-BED4-C16864820D7B}.Release|x64.ActiveCfg = Release|Any CPU
		{F717D689-5FC1-4A46-BED4-C16864820D7B}.Release|x64.Build.0 = Release|Any CPU
		{F717D689-5FC1-4A46-BED4-C16864820D7B}.Release|x86.ActiveCfg = Release|Any CPU
		{F717D689-5FC1-4A46-BED4-C16864820D7B}.Release|x86.Build.0 = Release|Any CPU
		{FA3829E4-D805-4EC4-9A81-0B55E3994907}.Debug|Any CPU.ActiveCfg = Debug|Any CPU
		{FA3829E4-D805-4EC4-9A81-0B55E3994907}.Debug|Any CPU.Build.0 = Debug|Any CPU
		{FA3829E4-D805-4EC4-9A81-0B55E3994907}.Debug|Mixed Platforms.ActiveCfg = Debug|Any CPU
		{FA3829E4-D805-4EC4-9A81-0B55E3994907}.Debug|Mixed Platforms.Build.0 = Debug|Any CPU
		{FA3829E4-D805-4EC4-9A81-0B55E3994907}.Debug|Win32.ActiveCfg = Debug|Any CPU
		{FA3829E4-D805-4EC4-9A81-0B55E3994907}.Debug|Win32.Build.0 = Debug|Any CPU
		{FA3829E4-D805-4EC4-9A81-0B55E3994907}.Debug|x64.ActiveCfg = Debug|Any CPU
		{FA3829E4-D805-4EC4-9A81-0B55E3994907}.Debug|x64.Build.0 = Debug|Any CPU
		{FA3829E4-D805-4EC4-9A81-0B55E3994907}.Debug|x86.ActiveCfg = Debug|Any CPU
		{FA3829E4-D805-4EC4-9A81-0B55E3994907}.Debug|x86.Build.0 = Debug|Any CPU
		{FA3829E4-D805-4EC4-9A81-0B55E3994907}.Release|Any CPU.ActiveCfg = Release|Any CPU
		{FA3829E4-D805-4EC4-9A81-0B55E3994907}.Release|Any CPU.Build.0 = Release|Any CPU
		{FA3829E4-D805-4EC4-9A81-0B55E3994907}.Release|Mixed Platforms.ActiveCfg = Release|Any CPU
		{FA3829E4-D805-4EC4-9A81-0B55E3994907}.Release|Mixed Platforms.Build.0 = Release|Any CPU
		{FA3829E4-D805-4EC4-9A81-0B55E3994907}.Release|Win32.ActiveCfg = Release|Any CPU
		{FA3829E4-D805-4EC4-9A81-0B55E3994907}.Release|Win32.Build.0 = Release|Any CPU
		{FA3829E4-D805-4EC4-9A81-0B55E3994907}.Release|x64.ActiveCfg = Release|Any CPU
		{FA3829E4-D805-4EC4-9A81-0B55E3994907}.Release|x64.Build.0 = Release|Any CPU
		{FA3829E4-D805-4EC4-9A81-0B55E3994907}.Release|x86.ActiveCfg = Release|Any CPU
		{FA3829E4-D805-4EC4-9A81-0B55E3994907}.Release|x86.Build.0 = Release|Any CPU
		{70AF2122-82E4-43D1-9EEB-99C4E6FA5A49}.Debug|Any CPU.ActiveCfg = Debug|Any CPU
		{70AF2122-82E4-43D1-9EEB-99C4E6FA5A49}.Debug|Any CPU.Build.0 = Debug|Any CPU
		{70AF2122-82E4-43D1-9EEB-99C4E6FA5A49}.Debug|Mixed Platforms.ActiveCfg = Debug|Any CPU
		{70AF2122-82E4-43D1-9EEB-99C4E6FA5A49}.Debug|Mixed Platforms.Build.0 = Debug|Any CPU
		{70AF2122-82E4-43D1-9EEB-99C4E6FA5A49}.Debug|Win32.ActiveCfg = Debug|Any CPU
		{70AF2122-82E4-43D1-9EEB-99C4E6FA5A49}.Debug|Win32.Build.0 = Debug|Any CPU
		{70AF2122-82E4-43D1-9EEB-99C4E6FA5A49}.Debug|x64.ActiveCfg = Debug|Any CPU
		{70AF2122-82E4-43D1-9EEB-99C4E6FA5A49}.Debug|x64.Build.0 = Debug|Any CPU
		{70AF2122-82E4-43D1-9EEB-99C4E6FA5A49}.Debug|x86.ActiveCfg = Debug|Any CPU
		{70AF2122-82E4-43D1-9EEB-99C4E6FA5A49}.Debug|x86.Build.0 = Debug|Any CPU
		{70AF2122-82E4-43D1-9EEB-99C4E6FA5A49}.Release|Any CPU.ActiveCfg = Release|Any CPU
		{70AF2122-82E4-43D1-9EEB-99C4E6FA5A49}.Release|Any CPU.Build.0 = Release|Any CPU
		{70AF2122-82E4-43D1-9EEB-99C4E6FA5A49}.Release|Mixed Platforms.ActiveCfg = Release|Any CPU
		{70AF2122-82E4-43D1-9EEB-99C4E6FA5A49}.Release|Mixed Platforms.Build.0 = Release|Any CPU
		{70AF2122-82E4-43D1-9EEB-99C4E6FA5A49}.Release|Win32.ActiveCfg = Release|Any CPU
		{70AF2122-82E4-43D1-9EEB-99C4E6FA5A49}.Release|Win32.Build.0 = Release|Any CPU
		{70AF2122-82E4-43D1-9EEB-99C4E6FA5A49}.Release|x64.ActiveCfg = Release|Any CPU
		{70AF2122-82E4-43D1-9EEB-99C4E6FA5A49}.Release|x64.Build.0 = Release|Any CPU
		{70AF2122-82E4-43D1-9EEB-99C4E6FA5A49}.Release|x86.ActiveCfg = Release|Any CPU
		{70AF2122-82E4-43D1-9EEB-99C4E6FA5A49}.Release|x86.Build.0 = Release|Any CPU
		{DA0C0D80-9821-48CA-A498-C3BCF8A3DB0E}.Debug|Any CPU.ActiveCfg = Debug|Any CPU
		{DA0C0D80-9821-48CA-A498-C3BCF8A3DB0E}.Debug|Any CPU.Build.0 = Debug|Any CPU
		{DA0C0D80-9821-48CA-A498-C3BCF8A3DB0E}.Debug|Mixed Platforms.ActiveCfg = Debug|Any CPU
		{DA0C0D80-9821-48CA-A498-C3BCF8A3DB0E}.Debug|Mixed Platforms.Build.0 = Debug|Any CPU
		{DA0C0D80-9821-48CA-A498-C3BCF8A3DB0E}.Debug|Win32.ActiveCfg = Debug|Any CPU
		{DA0C0D80-9821-48CA-A498-C3BCF8A3DB0E}.Debug|Win32.Build.0 = Debug|Any CPU
		{DA0C0D80-9821-48CA-A498-C3BCF8A3DB0E}.Debug|x64.ActiveCfg = Debug|Any CPU
		{DA0C0D80-9821-48CA-A498-C3BCF8A3DB0E}.Debug|x64.Build.0 = Debug|Any CPU
		{DA0C0D80-9821-48CA-A498-C3BCF8A3DB0E}.Debug|x86.ActiveCfg = Debug|Any CPU
		{DA0C0D80-9821-48CA-A498-C3BCF8A3DB0E}.Debug|x86.Build.0 = Debug|Any CPU
		{DA0C0D80-9821-48CA-A498-C3BCF8A3DB0E}.Release|Any CPU.ActiveCfg = Release|Any CPU
		{DA0C0D80-9821-48CA-A498-C3BCF8A3DB0E}.Release|Any CPU.Build.0 = Release|Any CPU
		{DA0C0D80-9821-48CA-A498-C3BCF8A3DB0E}.Release|Mixed Platforms.ActiveCfg = Release|Any CPU
		{DA0C0D80-9821-48CA-A498-C3BCF8A3DB0E}.Release|Mixed Platforms.Build.0 = Release|Any CPU
		{DA0C0D80-9821-48CA-A498-C3BCF8A3DB0E}.Release|Win32.ActiveCfg = Release|Any CPU
		{DA0C0D80-9821-48CA-A498-C3BCF8A3DB0E}.Release|Win32.Build.0 = Release|Any CPU
		{DA0C0D80-9821-48CA-A498-C3BCF8A3DB0E}.Release|x64.ActiveCfg = Release|Any CPU
		{DA0C0D80-9821-48CA-A498-C3BCF8A3DB0E}.Release|x64.Build.0 = Release|Any CPU
		{DA0C0D80-9821-48CA-A498-C3BCF8A3DB0E}.Release|x86.ActiveCfg = Release|Any CPU
		{DA0C0D80-9821-48CA-A498-C3BCF8A3DB0E}.Release|x86.Build.0 = Release|Any CPU
		{5C498D57-2625-434B-9D8B-862FD09B8B6D}.Debug|Any CPU.ActiveCfg = Debug|Any CPU
		{5C498D57-2625-434B-9D8B-862FD09B8B6D}.Debug|Any CPU.Build.0 = Debug|Any CPU
		{5C498D57-2625-434B-9D8B-862FD09B8B6D}.Debug|Mixed Platforms.ActiveCfg = Debug|Any CPU
		{5C498D57-2625-434B-9D8B-862FD09B8B6D}.Debug|Mixed Platforms.Build.0 = Debug|Any CPU
		{5C498D57-2625-434B-9D8B-862FD09B8B6D}.Debug|Win32.ActiveCfg = Debug|x86
		{5C498D57-2625-434B-9D8B-862FD09B8B6D}.Debug|Win32.Build.0 = Debug|x86
		{5C498D57-2625-434B-9D8B-862FD09B8B6D}.Debug|x64.ActiveCfg = Debug|x64
		{5C498D57-2625-434B-9D8B-862FD09B8B6D}.Debug|x64.Build.0 = Debug|x64
		{5C498D57-2625-434B-9D8B-862FD09B8B6D}.Debug|x86.ActiveCfg = Debug|x86
		{5C498D57-2625-434B-9D8B-862FD09B8B6D}.Debug|x86.Build.0 = Debug|x86
		{5C498D57-2625-434B-9D8B-862FD09B8B6D}.Release|Any CPU.ActiveCfg = Release|Any CPU
		{5C498D57-2625-434B-9D8B-862FD09B8B6D}.Release|Any CPU.Build.0 = Release|Any CPU
		{5C498D57-2625-434B-9D8B-862FD09B8B6D}.Release|Mixed Platforms.ActiveCfg = Release|Any CPU
		{5C498D57-2625-434B-9D8B-862FD09B8B6D}.Release|Mixed Platforms.Build.0 = Release|Any CPU
		{5C498D57-2625-434B-9D8B-862FD09B8B6D}.Release|Win32.ActiveCfg = Release|x86
		{5C498D57-2625-434B-9D8B-862FD09B8B6D}.Release|Win32.Build.0 = Release|x86
		{5C498D57-2625-434B-9D8B-862FD09B8B6D}.Release|x64.ActiveCfg = Release|x64
		{5C498D57-2625-434B-9D8B-862FD09B8B6D}.Release|x64.Build.0 = Release|x64
		{5C498D57-2625-434B-9D8B-862FD09B8B6D}.Release|x86.ActiveCfg = Release|x86
		{5C498D57-2625-434B-9D8B-862FD09B8B6D}.Release|x86.Build.0 = Release|x86
		{11CAD7AD-8675-4826-B974-EFFAD027AC8C}.Debug|Any CPU.ActiveCfg = Debug|Any CPU
		{11CAD7AD-8675-4826-B974-EFFAD027AC8C}.Debug|Any CPU.Build.0 = Debug|Any CPU
		{11CAD7AD-8675-4826-B974-EFFAD027AC8C}.Debug|Mixed Platforms.ActiveCfg = Debug|Any CPU
		{11CAD7AD-8675-4826-B974-EFFAD027AC8C}.Debug|Mixed Platforms.Build.0 = Debug|Any CPU
		{11CAD7AD-8675-4826-B974-EFFAD027AC8C}.Debug|Win32.ActiveCfg = Debug|Any CPU
		{11CAD7AD-8675-4826-B974-EFFAD027AC8C}.Debug|Win32.Build.0 = Debug|Any CPU
		{11CAD7AD-8675-4826-B974-EFFAD027AC8C}.Debug|x64.ActiveCfg = Debug|Any CPU
		{11CAD7AD-8675-4826-B974-EFFAD027AC8C}.Debug|x64.Build.0 = Debug|Any CPU
		{11CAD7AD-8675-4826-B974-EFFAD027AC8C}.Debug|x86.ActiveCfg = Debug|Any CPU
		{11CAD7AD-8675-4826-B974-EFFAD027AC8C}.Debug|x86.Build.0 = Debug|Any CPU
		{11CAD7AD-8675-4826-B974-EFFAD027AC8C}.Release|Any CPU.ActiveCfg = Release|Any CPU
		{11CAD7AD-8675-4826-B974-EFFAD027AC8C}.Release|Any CPU.Build.0 = Release|Any CPU
		{11CAD7AD-8675-4826-B974-EFFAD027AC8C}.Release|Mixed Platforms.ActiveCfg = Release|Any CPU
		{11CAD7AD-8675-4826-B974-EFFAD027AC8C}.Release|Mixed Platforms.Build.0 = Release|Any CPU
		{11CAD7AD-8675-4826-B974-EFFAD027AC8C}.Release|Win32.ActiveCfg = Release|Any CPU
		{11CAD7AD-8675-4826-B974-EFFAD027AC8C}.Release|Win32.Build.0 = Release|Any CPU
		{11CAD7AD-8675-4826-B974-EFFAD027AC8C}.Release|x64.ActiveCfg = Release|Any CPU
		{11CAD7AD-8675-4826-B974-EFFAD027AC8C}.Release|x64.Build.0 = Release|Any CPU
		{11CAD7AD-8675-4826-B974-EFFAD027AC8C}.Release|x86.ActiveCfg = Release|Any CPU
		{11CAD7AD-8675-4826-B974-EFFAD027AC8C}.Release|x86.Build.0 = Release|Any CPU
		{8BD910B1-E2B9-4DDD-9248-99E83EF8F401}.Debug|Any CPU.ActiveCfg = Debug|Any CPU
		{8BD910B1-E2B9-4DDD-9248-99E83EF8F401}.Debug|Any CPU.Build.0 = Debug|Any CPU
		{8BD910B1-E2B9-4DDD-9248-99E83EF8F401}.Debug|Mixed Platforms.ActiveCfg = Debug|Any CPU
		{8BD910B1-E2B9-4DDD-9248-99E83EF8F401}.Debug|Mixed Platforms.Build.0 = Debug|Any CPU
		{8BD910B1-E2B9-4DDD-9248-99E83EF8F401}.Debug|Win32.ActiveCfg = Debug|Any CPU
		{8BD910B1-E2B9-4DDD-9248-99E83EF8F401}.Debug|Win32.Build.0 = Debug|Any CPU
		{8BD910B1-E2B9-4DDD-9248-99E83EF8F401}.Debug|x64.ActiveCfg = Debug|Any CPU
		{8BD910B1-E2B9-4DDD-9248-99E83EF8F401}.Debug|x64.Build.0 = Debug|Any CPU
		{8BD910B1-E2B9-4DDD-9248-99E83EF8F401}.Debug|x86.ActiveCfg = Debug|Any CPU
		{8BD910B1-E2B9-4DDD-9248-99E83EF8F401}.Debug|x86.Build.0 = Debug|Any CPU
		{8BD910B1-E2B9-4DDD-9248-99E83EF8F401}.Release|Any CPU.ActiveCfg = Release|Any CPU
		{8BD910B1-E2B9-4DDD-9248-99E83EF8F401}.Release|Any CPU.Build.0 = Release|Any CPU
		{8BD910B1-E2B9-4DDD-9248-99E83EF8F401}.Release|Mixed Platforms.ActiveCfg = Release|Any CPU
		{8BD910B1-E2B9-4DDD-9248-99E83EF8F401}.Release|Mixed Platforms.Build.0 = Release|Any CPU
		{8BD910B1-E2B9-4DDD-9248-99E83EF8F401}.Release|Win32.ActiveCfg = Release|Any CPU
		{8BD910B1-E2B9-4DDD-9248-99E83EF8F401}.Release|Win32.Build.0 = Release|Any CPU
		{8BD910B1-E2B9-4DDD-9248-99E83EF8F401}.Release|x64.ActiveCfg = Release|Any CPU
		{8BD910B1-E2B9-4DDD-9248-99E83EF8F401}.Release|x64.Build.0 = Release|Any CPU
		{8BD910B1-E2B9-4DDD-9248-99E83EF8F401}.Release|x86.ActiveCfg = Release|Any CPU
		{8BD910B1-E2B9-4DDD-9248-99E83EF8F401}.Release|x86.Build.0 = Release|Any CPU
		{A2BAFDD2-958E-45BB-A4CE-1708681A37B3}.Debug|Any CPU.ActiveCfg = Debug|Any CPU
		{A2BAFDD2-958E-45BB-A4CE-1708681A37B3}.Debug|Any CPU.Build.0 = Debug|Any CPU
		{A2BAFDD2-958E-45BB-A4CE-1708681A37B3}.Debug|Mixed Platforms.ActiveCfg = Debug|Any CPU
		{A2BAFDD2-958E-45BB-A4CE-1708681A37B3}.Debug|Mixed Platforms.Build.0 = Debug|Any CPU
		{A2BAFDD2-958E-45BB-A4CE-1708681A37B3}.Debug|Win32.ActiveCfg = Debug|Any CPU
		{A2BAFDD2-958E-45BB-A4CE-1708681A37B3}.Debug|Win32.Build.0 = Debug|Any CPU
		{A2BAFDD2-958E-45BB-A4CE-1708681A37B3}.Debug|x64.ActiveCfg = Debug|Any CPU
		{A2BAFDD2-958E-45BB-A4CE-1708681A37B3}.Debug|x64.Build.0 = Debug|Any CPU
		{A2BAFDD2-958E-45BB-A4CE-1708681A37B3}.Debug|x86.ActiveCfg = Debug|Any CPU
		{A2BAFDD2-958E-45BB-A4CE-1708681A37B3}.Debug|x86.Build.0 = Debug|Any CPU
		{A2BAFDD2-958E-45BB-A4CE-1708681A37B3}.Release|Any CPU.ActiveCfg = Release|Any CPU
		{A2BAFDD2-958E-45BB-A4CE-1708681A37B3}.Release|Any CPU.Build.0 = Release|Any CPU
		{A2BAFDD2-958E-45BB-A4CE-1708681A37B3}.Release|Mixed Platforms.ActiveCfg = Release|Any CPU
		{A2BAFDD2-958E-45BB-A4CE-1708681A37B3}.Release|Mixed Platforms.Build.0 = Release|Any CPU
		{A2BAFDD2-958E-45BB-A4CE-1708681A37B3}.Release|Win32.ActiveCfg = Release|Any CPU
		{A2BAFDD2-958E-45BB-A4CE-1708681A37B3}.Release|Win32.Build.0 = Release|Any CPU
		{A2BAFDD2-958E-45BB-A4CE-1708681A37B3}.Release|x64.ActiveCfg = Release|Any CPU
		{A2BAFDD2-958E-45BB-A4CE-1708681A37B3}.Release|x64.Build.0 = Release|Any CPU
		{A2BAFDD2-958E-45BB-A4CE-1708681A37B3}.Release|x86.ActiveCfg = Release|Any CPU
		{A2BAFDD2-958E-45BB-A4CE-1708681A37B3}.Release|x86.Build.0 = Release|Any CPU
		{94B596BA-E9F7-4E02-AEF3-8AAAA0294D33}.Debug|Any CPU.ActiveCfg = Debug|Any CPU
		{94B596BA-E9F7-4E02-AEF3-8AAAA0294D33}.Debug|Any CPU.Build.0 = Debug|Any CPU
		{94B596BA-E9F7-4E02-AEF3-8AAAA0294D33}.Debug|Mixed Platforms.ActiveCfg = Debug|Any CPU
		{94B596BA-E9F7-4E02-AEF3-8AAAA0294D33}.Debug|Mixed Platforms.Build.0 = Debug|Any CPU
		{94B596BA-E9F7-4E02-AEF3-8AAAA0294D33}.Debug|Win32.ActiveCfg = Debug|Any CPU
		{94B596BA-E9F7-4E02-AEF3-8AAAA0294D33}.Debug|Win32.Build.0 = Debug|Any CPU
		{94B596BA-E9F7-4E02-AEF3-8AAAA0294D33}.Debug|x64.ActiveCfg = Debug|Any CPU
		{94B596BA-E9F7-4E02-AEF3-8AAAA0294D33}.Debug|x64.Build.0 = Debug|Any CPU
		{94B596BA-E9F7-4E02-AEF3-8AAAA0294D33}.Debug|x86.ActiveCfg = Debug|Any CPU
		{94B596BA-E9F7-4E02-AEF3-8AAAA0294D33}.Debug|x86.Build.0 = Debug|Any CPU
		{94B596BA-E9F7-4E02-AEF3-8AAAA0294D33}.Release|Any CPU.ActiveCfg = Release|Any CPU
		{94B596BA-E9F7-4E02-AEF3-8AAAA0294D33}.Release|Any CPU.Build.0 = Release|Any CPU
		{94B596BA-E9F7-4E02-AEF3-8AAAA0294D33}.Release|Mixed Platforms.ActiveCfg = Release|Any CPU
		{94B596BA-E9F7-4E02-AEF3-8AAAA0294D33}.Release|Mixed Platforms.Build.0 = Release|Any CPU
		{94B596BA-E9F7-4E02-AEF3-8AAAA0294D33}.Release|Win32.ActiveCfg = Release|Any CPU
		{94B596BA-E9F7-4E02-AEF3-8AAAA0294D33}.Release|Win32.Build.0 = Release|Any CPU
		{94B596BA-E9F7-4E02-AEF3-8AAAA0294D33}.Release|x64.ActiveCfg = Release|Any CPU
		{94B596BA-E9F7-4E02-AEF3-8AAAA0294D33}.Release|x64.Build.0 = Release|Any CPU
		{94B596BA-E9F7-4E02-AEF3-8AAAA0294D33}.Release|x86.ActiveCfg = Release|Any CPU
		{94B596BA-E9F7-4E02-AEF3-8AAAA0294D33}.Release|x86.Build.0 = Release|Any CPU
		{B35BCC7D-3D44-404C-8252-14BDC5C5B36A}.Debug|Any CPU.ActiveCfg = Debug|Any CPU
		{B35BCC7D-3D44-404C-8252-14BDC5C5B36A}.Debug|Any CPU.Build.0 = Debug|Any CPU
		{B35BCC7D-3D44-404C-8252-14BDC5C5B36A}.Debug|Mixed Platforms.ActiveCfg = Debug|Any CPU
		{B35BCC7D-3D44-404C-8252-14BDC5C5B36A}.Debug|Mixed Platforms.Build.0 = Debug|Any CPU
		{B35BCC7D-3D44-404C-8252-14BDC5C5B36A}.Debug|Win32.ActiveCfg = Debug|Any CPU
		{B35BCC7D-3D44-404C-8252-14BDC5C5B36A}.Debug|Win32.Build.0 = Debug|Any CPU
		{B35BCC7D-3D44-404C-8252-14BDC5C5B36A}.Debug|x64.ActiveCfg = Debug|Any CPU
		{B35BCC7D-3D44-404C-8252-14BDC5C5B36A}.Debug|x64.Build.0 = Debug|Any CPU
		{B35BCC7D-3D44-404C-8252-14BDC5C5B36A}.Debug|x86.ActiveCfg = Debug|Any CPU
		{B35BCC7D-3D44-404C-8252-14BDC5C5B36A}.Debug|x86.Build.0 = Debug|Any CPU
		{B35BCC7D-3D44-404C-8252-14BDC5C5B36A}.Release|Any CPU.ActiveCfg = Release|Any CPU
		{B35BCC7D-3D44-404C-8252-14BDC5C5B36A}.Release|Any CPU.Build.0 = Release|Any CPU
		{B35BCC7D-3D44-404C-8252-14BDC5C5B36A}.Release|Mixed Platforms.ActiveCfg = Release|Any CPU
		{B35BCC7D-3D44-404C-8252-14BDC5C5B36A}.Release|Mixed Platforms.Build.0 = Release|Any CPU
		{B35BCC7D-3D44-404C-8252-14BDC5C5B36A}.Release|Win32.ActiveCfg = Release|Any CPU
		{B35BCC7D-3D44-404C-8252-14BDC5C5B36A}.Release|Win32.Build.0 = Release|Any CPU
		{B35BCC7D-3D44-404C-8252-14BDC5C5B36A}.Release|x64.ActiveCfg = Release|Any CPU
		{B35BCC7D-3D44-404C-8252-14BDC5C5B36A}.Release|x86.ActiveCfg = Release|Any CPU
		{B35BCC7D-3D44-404C-8252-14BDC5C5B36A}.Release|x86.Build.0 = Release|Any CPU
		{8EA1CE07-B711-48CB-8280-6B5CADBDB6FD}.Debug|Any CPU.ActiveCfg = Debug|Any CPU
		{8EA1CE07-B711-48CB-8280-6B5CADBDB6FD}.Debug|Any CPU.Build.0 = Debug|Any CPU
		{8EA1CE07-B711-48CB-8280-6B5CADBDB6FD}.Debug|Mixed Platforms.ActiveCfg = Debug|Any CPU
		{8EA1CE07-B711-48CB-8280-6B5CADBDB6FD}.Debug|Mixed Platforms.Build.0 = Debug|Any CPU
		{8EA1CE07-B711-48CB-8280-6B5CADBDB6FD}.Debug|Win32.ActiveCfg = Debug|Any CPU
		{8EA1CE07-B711-48CB-8280-6B5CADBDB6FD}.Debug|Win32.Build.0 = Debug|Any CPU
		{8EA1CE07-B711-48CB-8280-6B5CADBDB6FD}.Debug|x64.ActiveCfg = Debug|Any CPU
		{8EA1CE07-B711-48CB-8280-6B5CADBDB6FD}.Debug|x64.Build.0 = Debug|Any CPU
		{8EA1CE07-B711-48CB-8280-6B5CADBDB6FD}.Debug|x86.ActiveCfg = Debug|Any CPU
		{8EA1CE07-B711-48CB-8280-6B5CADBDB6FD}.Debug|x86.Build.0 = Debug|Any CPU
		{8EA1CE07-B711-48CB-8280-6B5CADBDB6FD}.Release|Any CPU.ActiveCfg = Release|Any CPU
		{8EA1CE07-B711-48CB-8280-6B5CADBDB6FD}.Release|Any CPU.Build.0 = Release|Any CPU
		{8EA1CE07-B711-48CB-8280-6B5CADBDB6FD}.Release|Mixed Platforms.ActiveCfg = Release|Any CPU
		{8EA1CE07-B711-48CB-8280-6B5CADBDB6FD}.Release|Mixed Platforms.Build.0 = Release|Any CPU
		{8EA1CE07-B711-48CB-8280-6B5CADBDB6FD}.Release|Win32.ActiveCfg = Release|Any CPU
		{8EA1CE07-B711-48CB-8280-6B5CADBDB6FD}.Release|Win32.Build.0 = Release|Any CPU
		{8EA1CE07-B711-48CB-8280-6B5CADBDB6FD}.Release|x64.ActiveCfg = Release|Any CPU
		{8EA1CE07-B711-48CB-8280-6B5CADBDB6FD}.Release|x64.Build.0 = Release|Any CPU
		{8EA1CE07-B711-48CB-8280-6B5CADBDB6FD}.Release|x86.ActiveCfg = Release|Any CPU
		{8EA1CE07-B711-48CB-8280-6B5CADBDB6FD}.Release|x86.Build.0 = Release|Any CPU
		{E7EDA085-2B2A-4B15-89CE-C2384D88A4F7}.Debug|Any CPU.ActiveCfg = Debug|Any CPU
		{E7EDA085-2B2A-4B15-89CE-C2384D88A4F7}.Debug|Any CPU.Build.0 = Debug|Any CPU
		{E7EDA085-2B2A-4B15-89CE-C2384D88A4F7}.Debug|Mixed Platforms.ActiveCfg = Debug|Any CPU
		{E7EDA085-2B2A-4B15-89CE-C2384D88A4F7}.Debug|Mixed Platforms.Build.0 = Debug|Any CPU
		{E7EDA085-2B2A-4B15-89CE-C2384D88A4F7}.Debug|Win32.ActiveCfg = Debug|Any CPU
		{E7EDA085-2B2A-4B15-89CE-C2384D88A4F7}.Debug|Win32.Build.0 = Debug|Any CPU
		{E7EDA085-2B2A-4B15-89CE-C2384D88A4F7}.Debug|x64.ActiveCfg = Debug|Any CPU
		{E7EDA085-2B2A-4B15-89CE-C2384D88A4F7}.Debug|x64.Build.0 = Debug|Any CPU
		{E7EDA085-2B2A-4B15-89CE-C2384D88A4F7}.Debug|x86.ActiveCfg = Debug|Any CPU
		{E7EDA085-2B2A-4B15-89CE-C2384D88A4F7}.Debug|x86.Build.0 = Debug|Any CPU
		{E7EDA085-2B2A-4B15-89CE-C2384D88A4F7}.Release|Any CPU.ActiveCfg = Release|Any CPU
		{E7EDA085-2B2A-4B15-89CE-C2384D88A4F7}.Release|Any CPU.Build.0 = Release|Any CPU
		{E7EDA085-2B2A-4B15-89CE-C2384D88A4F7}.Release|Mixed Platforms.ActiveCfg = Release|Any CPU
		{E7EDA085-2B2A-4B15-89CE-C2384D88A4F7}.Release|Mixed Platforms.Build.0 = Release|Any CPU
		{E7EDA085-2B2A-4B15-89CE-C2384D88A4F7}.Release|Win32.ActiveCfg = Release|Any CPU
		{E7EDA085-2B2A-4B15-89CE-C2384D88A4F7}.Release|Win32.Build.0 = Release|Any CPU
		{E7EDA085-2B2A-4B15-89CE-C2384D88A4F7}.Release|x64.ActiveCfg = Release|Any CPU
		{E7EDA085-2B2A-4B15-89CE-C2384D88A4F7}.Release|x64.Build.0 = Release|Any CPU
		{E7EDA085-2B2A-4B15-89CE-C2384D88A4F7}.Release|x86.ActiveCfg = Release|Any CPU
		{E7EDA085-2B2A-4B15-89CE-C2384D88A4F7}.Release|x86.Build.0 = Release|Any CPU
		{6B34F379-3D89-4EC7-BA47-C1A1A7B4421C}.Debug|Any CPU.ActiveCfg = Debug|Win32
		{6B34F379-3D89-4EC7-BA47-C1A1A7B4421C}.Debug|Any CPU.Build.0 = Debug|Win32
		{6B34F379-3D89-4EC7-BA47-C1A1A7B4421C}.Debug|Mixed Platforms.ActiveCfg = Debug|x64
		{6B34F379-3D89-4EC7-BA47-C1A1A7B4421C}.Debug|Mixed Platforms.Build.0 = Debug|x64
		{6B34F379-3D89-4EC7-BA47-C1A1A7B4421C}.Debug|Win32.ActiveCfg = Debug|Win32
		{6B34F379-3D89-4EC7-BA47-C1A1A7B4421C}.Debug|Win32.Build.0 = Debug|Win32
		{6B34F379-3D89-4EC7-BA47-C1A1A7B4421C}.Debug|x64.ActiveCfg = Debug|x64
		{6B34F379-3D89-4EC7-BA47-C1A1A7B4421C}.Debug|x64.Build.0 = Debug|x64
		{6B34F379-3D89-4EC7-BA47-C1A1A7B4421C}.Debug|x86.ActiveCfg = Debug|Win32
		{6B34F379-3D89-4EC7-BA47-C1A1A7B4421C}.Debug|x86.Build.0 = Debug|Win32
		{6B34F379-3D89-4EC7-BA47-C1A1A7B4421C}.Release|Any CPU.ActiveCfg = Release|Win32
		{6B34F379-3D89-4EC7-BA47-C1A1A7B4421C}.Release|Any CPU.Build.0 = Release|Win32
		{6B34F379-3D89-4EC7-BA47-C1A1A7B4421C}.Release|Mixed Platforms.ActiveCfg = Release|x64
		{6B34F379-3D89-4EC7-BA47-C1A1A7B4421C}.Release|Mixed Platforms.Build.0 = Release|x64
		{6B34F379-3D89-4EC7-BA47-C1A1A7B4421C}.Release|Win32.ActiveCfg = Release|Win32
		{6B34F379-3D89-4EC7-BA47-C1A1A7B4421C}.Release|Win32.Build.0 = Release|Win32
		{6B34F379-3D89-4EC7-BA47-C1A1A7B4421C}.Release|x64.ActiveCfg = Release|x64
		{6B34F379-3D89-4EC7-BA47-C1A1A7B4421C}.Release|x64.Build.0 = Release|x64
		{6B34F379-3D89-4EC7-BA47-C1A1A7B4421C}.Release|x86.ActiveCfg = Release|Win32
		{6B34F379-3D89-4EC7-BA47-C1A1A7B4421C}.Release|x86.Build.0 = Release|Win32
		{F1FE5E55-BDA9-4623-8B16-163251404FD6}.Debug|Any CPU.ActiveCfg = Debug|Win32
		{F1FE5E55-BDA9-4623-8B16-163251404FD6}.Debug|Any CPU.Build.0 = Debug|Win32
		{F1FE5E55-BDA9-4623-8B16-163251404FD6}.Debug|Mixed Platforms.ActiveCfg = Debug|x64
		{F1FE5E55-BDA9-4623-8B16-163251404FD6}.Debug|Mixed Platforms.Build.0 = Debug|x64
		{F1FE5E55-BDA9-4623-8B16-163251404FD6}.Debug|Win32.ActiveCfg = Debug|Win32
		{F1FE5E55-BDA9-4623-8B16-163251404FD6}.Debug|Win32.Build.0 = Debug|Win32
		{F1FE5E55-BDA9-4623-8B16-163251404FD6}.Debug|x64.ActiveCfg = Debug|x64
		{F1FE5E55-BDA9-4623-8B16-163251404FD6}.Debug|x64.Build.0 = Debug|x64
		{F1FE5E55-BDA9-4623-8B16-163251404FD6}.Debug|x86.ActiveCfg = Debug|Win32
		{F1FE5E55-BDA9-4623-8B16-163251404FD6}.Debug|x86.Build.0 = Debug|Win32
		{F1FE5E55-BDA9-4623-8B16-163251404FD6}.Release|Any CPU.ActiveCfg = Release|Win32
		{F1FE5E55-BDA9-4623-8B16-163251404FD6}.Release|Any CPU.Build.0 = Release|Win32
		{F1FE5E55-BDA9-4623-8B16-163251404FD6}.Release|Mixed Platforms.ActiveCfg = Release|x64
		{F1FE5E55-BDA9-4623-8B16-163251404FD6}.Release|Mixed Platforms.Build.0 = Release|x64
		{F1FE5E55-BDA9-4623-8B16-163251404FD6}.Release|Win32.ActiveCfg = Release|Win32
		{F1FE5E55-BDA9-4623-8B16-163251404FD6}.Release|Win32.Build.0 = Release|Win32
		{F1FE5E55-BDA9-4623-8B16-163251404FD6}.Release|x64.ActiveCfg = Release|x64
		{F1FE5E55-BDA9-4623-8B16-163251404FD6}.Release|x64.Build.0 = Release|x64
		{F1FE5E55-BDA9-4623-8B16-163251404FD6}.Release|x86.ActiveCfg = Release|Win32
		{F1FE5E55-BDA9-4623-8B16-163251404FD6}.Release|x86.Build.0 = Release|Win32
		{460268BB-82A9-491B-B5B6-3B192F6115DE}.Debug|Any CPU.ActiveCfg = Debug|Win32
		{460268BB-82A9-491B-B5B6-3B192F6115DE}.Debug|Mixed Platforms.ActiveCfg = Debug|Win32
		{460268BB-82A9-491B-B5B6-3B192F6115DE}.Debug|Mixed Platforms.Build.0 = Debug|Win32
		{460268BB-82A9-491B-B5B6-3B192F6115DE}.Debug|Win32.ActiveCfg = Debug|Win32
		{460268BB-82A9-491B-B5B6-3B192F6115DE}.Debug|Win32.Build.0 = Debug|Win32
		{460268BB-82A9-491B-B5B6-3B192F6115DE}.Debug|x64.ActiveCfg = Debug|x64
		{460268BB-82A9-491B-B5B6-3B192F6115DE}.Debug|x64.Build.0 = Debug|x64
		{460268BB-82A9-491B-B5B6-3B192F6115DE}.Debug|x86.ActiveCfg = Debug|Win32
		{460268BB-82A9-491B-B5B6-3B192F6115DE}.Debug|x86.Build.0 = Debug|Win32
		{460268BB-82A9-491B-B5B6-3B192F6115DE}.Release|Any CPU.ActiveCfg = Release|Win32
		{460268BB-82A9-491B-B5B6-3B192F6115DE}.Release|Mixed Platforms.ActiveCfg = Release|Win32
		{460268BB-82A9-491B-B5B6-3B192F6115DE}.Release|Mixed Platforms.Build.0 = Release|Win32
		{460268BB-82A9-491B-B5B6-3B192F6115DE}.Release|Win32.ActiveCfg = Release|Win32
		{460268BB-82A9-491B-B5B6-3B192F6115DE}.Release|Win32.Build.0 = Release|Win32
		{460268BB-82A9-491B-B5B6-3B192F6115DE}.Release|x64.ActiveCfg = Release|x64
		{460268BB-82A9-491B-B5B6-3B192F6115DE}.Release|x64.Build.0 = Release|x64
		{460268BB-82A9-491B-B5B6-3B192F6115DE}.Release|x86.ActiveCfg = Release|Win32
		{460268BB-82A9-491B-B5B6-3B192F6115DE}.Release|x86.Build.0 = Release|Win32
		{9402186F-6211-4C09-A5E6-DD3A57CCF04A}.Debug|Any CPU.ActiveCfg = Debug|Win32
		{9402186F-6211-4C09-A5E6-DD3A57CCF04A}.Debug|Mixed Platforms.ActiveCfg = Debug|Win32
		{9402186F-6211-4C09-A5E6-DD3A57CCF04A}.Debug|Mixed Platforms.Build.0 = Debug|Win32
		{9402186F-6211-4C09-A5E6-DD3A57CCF04A}.Debug|Win32.ActiveCfg = Debug|Win32
		{9402186F-6211-4C09-A5E6-DD3A57CCF04A}.Debug|Win32.Build.0 = Debug|Win32
		{9402186F-6211-4C09-A5E6-DD3A57CCF04A}.Debug|x64.ActiveCfg = Debug|x64
		{9402186F-6211-4C09-A5E6-DD3A57CCF04A}.Debug|x64.Build.0 = Debug|x64
		{9402186F-6211-4C09-A5E6-DD3A57CCF04A}.Debug|x86.ActiveCfg = Debug|Win32
		{9402186F-6211-4C09-A5E6-DD3A57CCF04A}.Debug|x86.Build.0 = Debug|Win32
		{9402186F-6211-4C09-A5E6-DD3A57CCF04A}.Release|Any CPU.ActiveCfg = Release|Win32
		{9402186F-6211-4C09-A5E6-DD3A57CCF04A}.Release|Mixed Platforms.ActiveCfg = Release|Win32
		{9402186F-6211-4C09-A5E6-DD3A57CCF04A}.Release|Mixed Platforms.Build.0 = Release|Win32
		{9402186F-6211-4C09-A5E6-DD3A57CCF04A}.Release|Win32.ActiveCfg = Release|Win32
		{9402186F-6211-4C09-A5E6-DD3A57CCF04A}.Release|Win32.Build.0 = Release|Win32
		{9402186F-6211-4C09-A5E6-DD3A57CCF04A}.Release|x64.ActiveCfg = Release|x64
		{9402186F-6211-4C09-A5E6-DD3A57CCF04A}.Release|x64.Build.0 = Release|x64
		{9402186F-6211-4C09-A5E6-DD3A57CCF04A}.Release|x86.ActiveCfg = Release|Win32
		{9402186F-6211-4C09-A5E6-DD3A57CCF04A}.Release|x86.Build.0 = Release|Win32
		{A46A8EB2-D182-48F3-AEFA-71A580595859}.Debug|Any CPU.ActiveCfg = Debug|Any CPU
		{A46A8EB2-D182-48F3-AEFA-71A580595859}.Debug|Any CPU.Build.0 = Debug|Any CPU
		{A46A8EB2-D182-48F3-AEFA-71A580595859}.Debug|Mixed Platforms.ActiveCfg = Debug|Any CPU
		{A46A8EB2-D182-48F3-AEFA-71A580595859}.Debug|Mixed Platforms.Build.0 = Debug|Any CPU
		{A46A8EB2-D182-48F3-AEFA-71A580595859}.Debug|Win32.ActiveCfg = Debug|Any CPU
		{A46A8EB2-D182-48F3-AEFA-71A580595859}.Debug|x64.ActiveCfg = Debug|Any CPU
		{A46A8EB2-D182-48F3-AEFA-71A580595859}.Debug|x86.ActiveCfg = Debug|Any CPU
		{A46A8EB2-D182-48F3-AEFA-71A580595859}.Release|Any CPU.ActiveCfg = Release|Any CPU
		{A46A8EB2-D182-48F3-AEFA-71A580595859}.Release|Any CPU.Build.0 = Release|Any CPU
		{A46A8EB2-D182-48F3-AEFA-71A580595859}.Release|Mixed Platforms.ActiveCfg = Release|Any CPU
		{A46A8EB2-D182-48F3-AEFA-71A580595859}.Release|Mixed Platforms.Build.0 = Release|Any CPU
		{A46A8EB2-D182-48F3-AEFA-71A580595859}.Release|Win32.ActiveCfg = Release|Any CPU
		{A46A8EB2-D182-48F3-AEFA-71A580595859}.Release|x64.ActiveCfg = Release|Any CPU
		{A46A8EB2-D182-48F3-AEFA-71A580595859}.Release|x86.ActiveCfg = Release|Any CPU
	EndGlobalSection
	GlobalSection(SolutionProperties) = preSolution
		HideSolutionNode = FALSE
	EndGlobalSection
EndGlobal
