
Microsoft Visual Studio Solution File, Format Version 12.00
# Visual Studio 2013
VisualStudioVersion = 12.0.40629.0
MinimumVisualStudioVersion = 10.0.40219.1
Project("{8BC9CEB8-8B4A-11D0-8D11-00A0C91BC942}") = "Core", "Core\Core.vcxproj", "{6B34F379-3D89-4EC7-BA47-C1A1A7B4421C}"
EndProject
Project("{8BC9CEB8-8B4A-11D0-8D11-00A0C91BC942}") = "CoreTests", "CoreTests\CoreTests.vcxproj", "{F1FE5E55-BDA9-4623-8B16-163251404FD6}"
	ProjectSection(ProjectDependencies) = postProject
		{6B34F379-3D89-4EC7-BA47-C1A1A7B4421C} = {6B34F379-3D89-4EC7-BA47-C1A1A7B4421C}
	EndProjectSection
EndProject
Global
	GlobalSection(SolutionConfigurationPlatforms) = preSolution
		Debug|Any CPU = Debug|Any CPU
		Debug|Mixed Platforms = Debug|Mixed Platforms
		Debug|Win32 = Debug|Win32
		Debug|x64 = Debug|x64
		Debug|x86 = Debug|x86
		Release|Any CPU = Release|Any CPU
		Release|Mixed Platforms = Release|Mixed Platforms
		Release|Win32 = Release|Win32
		Release|x64 = Release|x64
		Release|x86 = Release|x86
	EndGlobalSection
	GlobalSection(ProjectConfigurationPlatforms) = postSolution
		{6B34F379-3D89-4EC7-BA47-C1A1A7B4421C}.Debug|Any CPU.ActiveCfg = Debug|Win32
		{6B34F379-3D89-4EC7-BA47-C1A1A7B4421C}.Debug|Mixed Platforms.ActiveCfg = Debug|x64
		{6B34F379-3D89-4EC7-BA47-C1A1A7B4421C}.Debug|Mixed Platforms.Build.0 = Debug|x64
		{6B34F379-3D89-4EC7-BA47-C1A1A7B4421C}.Debug|Win32.ActiveCfg = Debug|Win32
		{6B34F379-3D89-4EC7-BA47-C1A1A7B4421C}.Debug|Win32.Build.0 = Debug|Win32
		{6B34F379-3D89-4EC7-BA47-C1A1A7B4421C}.Debug|x64.ActiveCfg = Debug|x64
		{6B34F379-3D89-4EC7-BA47-C1A1A7B4421C}.Debug|x64.Build.0 = Debug|x64
		{6B34F379-3D89-4EC7-BA47-C1A1A7B4421C}.Debug|x86.ActiveCfg = Debug|Win32
		{6B34F379-3D89-4EC7-BA47-C1A1A7B4421C}.Debug|x86.Build.0 = Debug|Win32
		{6B34F379-3D89-4EC7-BA47-C1A1A7B4421C}.Release|Any CPU.ActiveCfg = Release|Win32
		{6B34F379-3D89-4EC7-BA47-C1A1A7B4421C}.Release|Mixed Platforms.ActiveCfg = Release|x64
		{6B34F379-3D89-4EC7-BA47-C1A1A7B4421C}.Release|Mixed Platforms.Build.0 = Release|x64
		{6B34F379-3D89-4EC7-BA47-C1A1A7B4421C}.Release|Win32.ActiveCfg = Release|Win32
		{6B34F379-3D89-4EC7-BA47-C1A1A7B4421C}.Release|Win32.Build.0 = Release|Win32
		{6B34F379-3D89-4EC7-BA47-C1A1A7B4421C}.Release|x64.ActiveCfg = Release|x64
		{6B34F379-3D89-4EC7-BA47-C1A1A7B4421C}.Release|x64.Build.0 = Release|x64
		{6B34F379-3D89-4EC7-BA47-C1A1A7B4421C}.Release|x86.ActiveCfg = Release|Win32
		{6B34F379-3D89-4EC7-BA47-C1A1A7B4421C}.Release|x86.Build.0 = Release|Win32
		{F1FE5E55-BDA9-4623-8B16-163251404FD6}.Debug|Any CPU.ActiveCfg = Debug|Win32
		{F1FE5E55-BDA9-4623-8B16-163251404FD6}.Debug|Mixed Platforms.ActiveCfg = Debug|Win32
		{F1FE5E55-BDA9-4623-8B16-163251404FD6}.Debug|Mixed Platforms.Build.0 = Debug|Win32
		{F1FE5E55-BDA9-4623-8B16-163251404FD6}.Debug|Win32.ActiveCfg = Debug|Win32
		{F1FE5E55-BDA9-4623-8B16-163251404FD6}.Debug|Win32.Build.0 = Debug|Win32
		{F1FE5E55-BDA9-4623-8B16-163251404FD6}.Debug|x64.ActiveCfg = Debug|x64
		{F1FE5E55-BDA9-4623-8B16-163251404FD6}.Debug|x64.Build.0 = Debug|x64
		{F1FE5E55-BDA9-4623-8B16-163251404FD6}.Debug|x86.ActiveCfg = Debug|Win32
		{F1FE5E55-BDA9-4623-8B16-163251404FD6}.Debug|x86.Build.0 = Debug|Win32
		{F1FE5E55-BDA9-4623-8B16-163251404FD6}.Release|Any CPU.ActiveCfg = Release|Win32
		{F1FE5E55-BDA9-4623-8B16-163251404FD6}.Release|Mixed Platforms.ActiveCfg = Release|Win32
		{F1FE5E55-BDA9-4623-8B16-163251404FD6}.Release|Mixed Platforms.Build.0 = Release|Win32
		{F1FE5E55-BDA9-4623-8B16-163251404FD6}.Release|Win32.ActiveCfg = Release|Win32
		{F1FE5E55-BDA9-4623-8B16-163251404FD6}.Release|Win32.Build.0 = Release|Win32
		{F1FE5E55-BDA9-4623-8B16-163251404FD6}.Release|x64.ActiveCfg = Release|x64
		{F1FE5E55-BDA9-4623-8B16-163251404FD6}.Release|x64.Build.0 = Release|x64
		{F1FE5E55-BDA9-4623-8B16-163251404FD6}.Release|x86.ActiveCfg = Release|Win32
		{F1FE5E55-BDA9-4623-8B16-163251404FD6}.Release|x86.Build.0 = Release|Win32
	EndGlobalSection
	GlobalSection(SolutionProperties) = preSolution
		HideSolutionNode = FALSE
	EndGlobalSection
EndGlobal
